
Microsoft Visual Studio Solution File, Format Version 12.00
# Visual Studio Version 16
VisualStudioVersion = 16.0.28902.138
MinimumVisualStudioVersion = 10.0.40219.1
Project("{2150E333-8FDC-42A3-9474-1A3956D46DE8}") = "Core", "Core", "{AE539D44-D722-4E3E-B1B6-DBCB8D682114}"
EndProject
Project("{9A19103F-16F7-4668-BE54-9A1E7A4F7556}") = "LogicArt.SiteMercado.Application.Validations", "LogicArt.SiteMercado.Application.Validations\LogicArt.SiteMercado.Application.Validations.csproj", "{0BC31D32-8585-4C0C-BCC0-7539FC7A97D1}"
EndProject
Project("{9A19103F-16F7-4668-BE54-9A1E7A4F7556}") = "LogicArt.SiteMercado.Application.Services", "LogicArt.SiteMercado.Application.Services\LogicArt.SiteMercado.Application.Services.csproj", "{4E460FD8-3BAB-4232-B631-C82A82775DFF}"
EndProject
Project("{9A19103F-16F7-4668-BE54-9A1E7A4F7556}") = "LogicArt.SiteMercado.Application.Events", "LogicArt.SiteMercado.Application.Events\LogicArt.SiteMercado.Application.Events.csproj", "{39431EF5-1632-4FD0-9EBF-2D7B3C8B979A}"
EndProject
Project("{2150E333-8FDC-42A3-9474-1A3956D46DE8}") = "Infrastructure", "Infrastructure", "{E5D34423-8B3C-4761-8FF1-26B3138222C3}"
EndProject
Project("{9A19103F-16F7-4668-BE54-9A1E7A4F7556}") = "LogicArt.SiteMercado.Application.Data", "LogicArt.SiteMercado.Application.Data\LogicArt.SiteMercado.Application.Data.csproj", "{70E91179-E43E-40F2-976D-B108B49E047A}"
EndProject
Project("{9A19103F-16F7-4668-BE54-9A1E7A4F7556}") = "LogicArt.SiteMercado.Application.Services.Abstractions", "LogicArt.SiteMercado.Application.Services.Abstractions\LogicArt.SiteMercado.Application.Services.Abstractions.csproj", "{C67990FF-EDBA-454B-902D-C32E5B9E1BE7}"
EndProject
Project("{9A19103F-16F7-4668-BE54-9A1E7A4F7556}") = "LogicArt.SiteMercado.Infrastructure.Persistence", "LogicArt.SiteMercado.Infrastructure.Persistence\LogicArt.SiteMercado.Infrastructure.Persistence.csproj", "{8392DE9E-DBDF-4B3E-8DA3-BDA02E16F4CE}"
EndProject
Project("{9A19103F-16F7-4668-BE54-9A1E7A4F7556}") = "LogicArt.SiteMercado.Hosting", "LogicArt.SiteMercado.Hosting\LogicArt.SiteMercado.Hosting.csproj", "{7208FACD-84A5-4CC0-9770-00608FFBDC86}"
EndProject
Project("{9A19103F-16F7-4668-BE54-9A1E7A4F7556}") = "LogicArt.SiteMercado.Application.Adapters", "LogicArt.SiteMercado.Application.Assemblers\LogicArt.SiteMercado.Application.Adapters.csproj", "{6792F67B-5204-4983-BEA0-8DC06E8C91CE}"
EndProject
Project("{2150E333-8FDC-42A3-9474-1A3956D46DE8}") = "Application", "Application", "{2A04AC5F-40A5-46B0-8D59-1A8D05F21ED8}"
EndProject
Project("{2150E333-8FDC-42A3-9474-1A3956D46DE8}") = "Domain", "Domain", "{5665D608-7004-4A51-90B0-B382BA51AA59}"
EndProject
Project("{2150E333-8FDC-42A3-9474-1A3956D46DE8}") = "Presentation", "Presentation", "{D61E3B54-9181-4515-BE4C-0C0F562453B0}"
EndProject
Project("{9A19103F-16F7-4668-BE54-9A1E7A4F7556}") = "LogicArt.SiteMercado.Domain.Entities", "LogicArt.SiteMercado.Domain.Entities\LogicArt.SiteMercado.Domain.Entities.csproj", "{441D3614-1006-45A6-9C4E-002240D599DE}"
EndProject
Project("{9A19103F-16F7-4668-BE54-9A1E7A4F7556}") = "LogicArt.SiteMercado.Presentation", "LogicArt.SiteMercado.Presentation\LogicArt.SiteMercado.Presentation.csproj", "{AC05CCE9-32A6-4198-B440-360C14493E36}"
EndProject
Project("{9A19103F-16F7-4668-BE54-9A1E7A4F7556}") = "LogicArt.SiteMercado.Application.Repositories.Abstractions", "LogicArt.SiteMercado.Application.Repositories.Abstractions\LogicArt.SiteMercado.Application.Repositories.Abstractions.csproj", "{57E11569-6686-4902-9CE9-56F6673508A1}"
EndProject
Project("{9A19103F-16F7-4668-BE54-9A1E7A4F7556}") = "LogicArt.SiteMercado.Application.Adapters.Abstractions", "LogicArt.SiteMercado.Application.Adapters.Abstractions\LogicArt.SiteMercado.Application.Adapters.Abstractions.csproj", "{1BB53C0B-F3F7-460A-9B9A-5344BFAC885A}"
EndProject
Project("{FAE04EC0-301F-11D3-BF4B-00C04F79EFBC}") = "LogicArt.SiteMercado.Infrastructure", "LogicArt.SiteMercado.Infrastructure\LogicArt.SiteMercado.Infrastructure.csproj", "{DE0B7950-BAD0-42D4-9F7B-370929AE1EA0}"
EndProject
Project("{FAE04EC0-301F-11D3-BF4B-00C04F79EFBC}") = "LogicArt.SiteMercado.Application", "LogicArt.SiteMercado.Application\LogicArt.SiteMercado.Application.csproj", "{38308C89-A9B2-46F5-A60F-545B80F471F3}"
EndProject
Global
	GlobalSection(SolutionConfigurationPlatforms) = preSolution
		Debug|Any CPU = Debug|Any CPU
		Release|Any CPU = Release|Any CPU
	EndGlobalSection
	GlobalSection(ProjectConfigurationPlatforms) = postSolution
		{0BC31D32-8585-4C0C-BCC0-7539FC7A97D1}.Debug|Any CPU.ActiveCfg = Debug|Any CPU
		{0BC31D32-8585-4C0C-BCC0-7539FC7A97D1}.Debug|Any CPU.Build.0 = Debug|Any CPU
		{0BC31D32-8585-4C0C-BCC0-7539FC7A97D1}.Release|Any CPU.ActiveCfg = Release|Any CPU
		{0BC31D32-8585-4C0C-BCC0-7539FC7A97D1}.Release|Any CPU.Build.0 = Release|Any CPU
		{4E460FD8-3BAB-4232-B631-C82A82775DFF}.Debug|Any CPU.ActiveCfg = Debug|Any CPU
		{4E460FD8-3BAB-4232-B631-C82A82775DFF}.Debug|Any CPU.Build.0 = Debug|Any CPU
		{4E460FD8-3BAB-4232-B631-C82A82775DFF}.Release|Any CPU.ActiveCfg = Release|Any CPU
		{4E460FD8-3BAB-4232-B631-C82A82775DFF}.Release|Any CPU.Build.0 = Release|Any CPU
		{39431EF5-1632-4FD0-9EBF-2D7B3C8B979A}.Debug|Any CPU.ActiveCfg = Debug|Any CPU
		{39431EF5-1632-4FD0-9EBF-2D7B3C8B979A}.Debug|Any CPU.Build.0 = Debug|Any CPU
		{39431EF5-1632-4FD0-9EBF-2D7B3C8B979A}.Release|Any CPU.ActiveCfg = Release|Any CPU
		{39431EF5-1632-4FD0-9EBF-2D7B3C8B979A}.Release|Any CPU.Build.0 = Release|Any CPU
		{70E91179-E43E-40F2-976D-B108B49E047A}.Debug|Any CPU.ActiveCfg = Debug|Any CPU
		{70E91179-E43E-40F2-976D-B108B49E047A}.Debug|Any CPU.Build.0 = Debug|Any CPU
		{70E91179-E43E-40F2-976D-B108B49E047A}.Release|Any CPU.ActiveCfg = Release|Any CPU
		{70E91179-E43E-40F2-976D-B108B49E047A}.Release|Any CPU.Build.0 = Release|Any CPU
		{C67990FF-EDBA-454B-902D-C32E5B9E1BE7}.Debug|Any CPU.ActiveCfg = Debug|Any CPU
		{C67990FF-EDBA-454B-902D-C32E5B9E1BE7}.Debug|Any CPU.Build.0 = Debug|Any CPU
		{C67990FF-EDBA-454B-902D-C32E5B9E1BE7}.Release|Any CPU.ActiveCfg = Release|Any CPU
		{C67990FF-EDBA-454B-902D-C32E5B9E1BE7}.Release|Any CPU.Build.0 = Release|Any CPU
		{8392DE9E-DBDF-4B3E-8DA3-BDA02E16F4CE}.Debug|Any CPU.ActiveCfg = Debug|Any CPU
		{8392DE9E-DBDF-4B3E-8DA3-BDA02E16F4CE}.Debug|Any CPU.Build.0 = Debug|Any CPU
		{8392DE9E-DBDF-4B3E-8DA3-BDA02E16F4CE}.Release|Any CPU.ActiveCfg = Release|Any CPU
		{8392DE9E-DBDF-4B3E-8DA3-BDA02E16F4CE}.Release|Any CPU.Build.0 = Release|Any CPU
		{7208FACD-84A5-4CC0-9770-00608FFBDC86}.Debug|Any CPU.ActiveCfg = Debug|Any CPU
		{7208FACD-84A5-4CC0-9770-00608FFBDC86}.Debug|Any CPU.Build.0 = Debug|Any CPU
		{7208FACD-84A5-4CC0-9770-00608FFBDC86}.Release|Any CPU.ActiveCfg = Release|Any CPU
		{7208FACD-84A5-4CC0-9770-00608FFBDC86}.Release|Any CPU.Build.0 = Release|Any CPU
		{6792F67B-5204-4983-BEA0-8DC06E8C91CE}.Debug|Any CPU.ActiveCfg = Debug|Any CPU
		{6792F67B-5204-4983-BEA0-8DC06E8C91CE}.Debug|Any CPU.Build.0 = Debug|Any CPU
		{6792F67B-5204-4983-BEA0-8DC06E8C91CE}.Release|Any CPU.ActiveCfg = Release|Any CPU
		{6792F67B-5204-4983-BEA0-8DC06E8C91CE}.Release|Any CPU.Build.0 = Release|Any CPU
		{441D3614-1006-45A6-9C4E-002240D599DE}.Debug|Any CPU.ActiveCfg = Debug|Any CPU
		{441D3614-1006-45A6-9C4E-002240D599DE}.Debug|Any CPU.Build.0 = Debug|Any CPU
		{441D3614-1006-45A6-9C4E-002240D599DE}.Release|Any CPU.ActiveCfg = Release|Any CPU
		{441D3614-1006-45A6-9C4E-002240D599DE}.Release|Any CPU.Build.0 = Release|Any CPU
		{AC05CCE9-32A6-4198-B440-360C14493E36}.Debug|Any CPU.ActiveCfg = Debug|Any CPU
		{AC05CCE9-32A6-4198-B440-360C14493E36}.Debug|Any CPU.Build.0 = Debug|Any CPU
		{AC05CCE9-32A6-4198-B440-360C14493E36}.Release|Any CPU.ActiveCfg = Release|Any CPU
		{AC05CCE9-32A6-4198-B440-360C14493E36}.Release|Any CPU.Build.0 = Release|Any CPU
		{57E11569-6686-4902-9CE9-56F6673508A1}.Debug|Any CPU.ActiveCfg = Debug|Any CPU
		{57E11569-6686-4902-9CE9-56F6673508A1}.Debug|Any CPU.Build.0 = Debug|Any CPU
		{57E11569-6686-4902-9CE9-56F6673508A1}.Release|Any CPU.ActiveCfg = Release|Any CPU
		{57E11569-6686-4902-9CE9-56F6673508A1}.Release|Any CPU.Build.0 = Release|Any CPU
		{1BB53C0B-F3F7-460A-9B9A-5344BFAC885A}.Debug|Any CPU.ActiveCfg = Debug|Any CPU
		{1BB53C0B-F3F7-460A-9B9A-5344BFAC885A}.Debug|Any CPU.Build.0 = Debug|Any CPU
		{1BB53C0B-F3F7-460A-9B9A-5344BFAC885A}.Release|Any CPU.ActiveCfg = Release|Any CPU
		{1BB53C0B-F3F7-460A-9B9A-5344BFAC885A}.Release|Any CPU.Build.0 = Release|Any CPU
		{DE0B7950-BAD0-42D4-9F7B-370929AE1EA0}.Debug|Any CPU.ActiveCfg = Debug|Any CPU
		{DE0B7950-BAD0-42D4-9F7B-370929AE1EA0}.Debug|Any CPU.Build.0 = Debug|Any CPU
		{DE0B7950-BAD0-42D4-9F7B-370929AE1EA0}.Release|Any CPU.ActiveCfg = Release|Any CPU
		{DE0B7950-BAD0-42D4-9F7B-370929AE1EA0}.Release|Any CPU.Build.0 = Release|Any CPU
		{38308C89-A9B2-46F5-A60F-545B80F471F3}.Debug|Any CPU.ActiveCfg = Debug|Any CPU
		{38308C89-A9B2-46F5-A60F-545B80F471F3}.Debug|Any CPU.Build.0 = Debug|Any CPU
		{38308C89-A9B2-46F5-A60F-545B80F471F3}.Release|Any CPU.ActiveCfg = Release|Any CPU
		{38308C89-A9B2-46F5-A60F-545B80F471F3}.Release|Any CPU.Build.0 = Release|Any CPU
	EndGlobalSection
	GlobalSection(SolutionProperties) = preSolution
		HideSolutionNode = FALSE
	EndGlobalSection
	GlobalSection(NestedProjects) = preSolution
		{0BC31D32-8585-4C0C-BCC0-7539FC7A97D1} = {2A04AC5F-40A5-46B0-8D59-1A8D05F21ED8}
		{4E460FD8-3BAB-4232-B631-C82A82775DFF} = {2A04AC5F-40A5-46B0-8D59-1A8D05F21ED8}
		{39431EF5-1632-4FD0-9EBF-2D7B3C8B979A} = {2A04AC5F-40A5-46B0-8D59-1A8D05F21ED8}
		{70E91179-E43E-40F2-976D-B108B49E047A} = {2A04AC5F-40A5-46B0-8D59-1A8D05F21ED8}
		{C67990FF-EDBA-454B-902D-C32E5B9E1BE7} = {2A04AC5F-40A5-46B0-8D59-1A8D05F21ED8}
		{8392DE9E-DBDF-4B3E-8DA3-BDA02E16F4CE} = {E5D34423-8B3C-4761-8FF1-26B3138222C3}
		{6792F67B-5204-4983-BEA0-8DC06E8C91CE} = {2A04AC5F-40A5-46B0-8D59-1A8D05F21ED8}
		{2A04AC5F-40A5-46B0-8D59-1A8D05F21ED8} = {AE539D44-D722-4E3E-B1B6-DBCB8D682114}
		{5665D608-7004-4A51-90B0-B382BA51AA59} = {AE539D44-D722-4E3E-B1B6-DBCB8D682114}
		{441D3614-1006-45A6-9C4E-002240D599DE} = {5665D608-7004-4A51-90B0-B382BA51AA59}
		{AC05CCE9-32A6-4198-B440-360C14493E36} = {D61E3B54-9181-4515-BE4C-0C0F562453B0}
		{57E11569-6686-4902-9CE9-56F6673508A1} = {2A04AC5F-40A5-46B0-8D59-1A8D05F21ED8}
		{1BB53C0B-F3F7-460A-9B9A-5344BFAC885A} = {2A04AC5F-40A5-46B0-8D59-1A8D05F21ED8}
		{DE0B7950-BAD0-42D4-9F7B-370929AE1EA0} = {E5D34423-8B3C-4761-8FF1-26B3138222C3}
		{38308C89-A9B2-46F5-A60F-545B80F471F3} = {2A04AC5F-40A5-46B0-8D59-1A8D05F21ED8}
	EndGlobalSection
	GlobalSection(ExtensibilityGlobals) = postSolution
		SolutionGuid = {9DE360FC-9FFE-4E67-9096-17BF8D48B03D}
	EndGlobalSection
EndGlobal
